
Microsoft Visual Studio Solution File, Format Version 12.00
# Visual Studio Version 17
VisualStudioVersion = 17.14.36930.0 d17.14
MinimumVisualStudioVersion = 10.0.40219.1
Project("{8BC9CEB8-8B4A-11D0-8D11-00A0C91BC942}") = "mpi_filter", "mpi_filter\mpi_filter.vcxproj", "{F132EF74-BEB4-4FF5-8013-8453E09C3CAE}"
EndProject
Global
	GlobalSection(SolutionConfigurationPlatforms) = preSolution
		Debug|x64 = Debug|x64
		Debug|x86 = Debug|x86
		Release|x64 = Release|x64
		Release|x86 = Release|x86
	EndGlobalSection
	GlobalSection(ProjectConfigurationPlatforms) = postSolution
		{F132EF74-BEB4-4FF5-8013-8453E09C3CAE}.Debug|x64.ActiveCfg = Debug|x64
		{F132EF74-BEB4-4FF5-8013-8453E09C3CAE}.Debug|x64.Build.0 = Debug|x64
		{F132EF74-BEB4-4FF5-8013-8453E09C3CAE}.Debug|x86.ActiveCfg = Debug|Win32
		{F132EF74-BEB4-4FF5-8013-8453E09C3CAE}.Debug|x86.Build.0 = Debug|Win32
		{F132EF74-BEB4-4FF5-8013-8453E09C3CAE}.Release|x64.ActiveCfg = Release|x64
		{F132EF74-BEB4-4FF5-8013-8453E09C3CAE}.Release|x64.Build.0 = Release|x64
		{F132EF74-BEB4-4FF5-8013-8453E09C3CAE}.Release|x86.ActiveCfg = Release|Win32
		{F132EF74-BEB4-4FF5-8013-8453E09C3CAE}.Release|x86.Build.0 = Release|Win32
	EndGlobalSection
	GlobalSection(SolutionProperties) = preSolution
		HideSolutionNode = FALSE
	EndGlobalSection
	GlobalSection(ExtensibilityGlobals) = postSolution
		SolutionGuid = {5B4E38CF-CF0A-49E5-B976-FBC2B1BBE27C}
	EndGlobalSection
EndGlobal
